
Microsoft Visual Studio Solution File, Format Version 12.00
# Visual Studio Version 17
VisualStudioVersion = 17.0.31903.59
MinimumVisualStudioVersion = 10.0.40219.1
Project("{FAE04EC0-301F-11D3-BF4B-00C04F79EFBC}") = "TeamWater.WebAPI", "TeamWater.WebAPI\TeamWater.WebAPI.csproj", "{30FEEAB4-FBA7-45FA-9EA7-F6A721151A3A}"
EndProject
Project("{FAE04EC0-301F-11D3-BF4B-00C04F79EFBC}") = "TeamWater.Data", "TeamWater.Data\TeamWater.Data.csproj", "{CA5C3CA2-BF22-4A31-B67B-1B27383516E3}"
EndProject
Project("{FAE04EC0-301F-11D3-BF4B-00C04F79EFBC}") = "TeamWater.Models", "TeamWater.Models\TeamWater.Models.csproj", "{4D639261-D212-4C19-B06C-9E21F0742CD1}"
EndProject
Project("{FAE04EC0-301F-11D3-BF4B-00C04F79EFBC}") = "TeamWater.Services", "TeamWater.Services\TeamWater.Services.csproj", "{E0059F94-12A5-4771-BAA8-C543D15351C7}"
EndProject
Global
	GlobalSection(SolutionConfigurationPlatforms) = preSolution
		Debug|Any CPU = Debug|Any CPU
		Release|Any CPU = Release|Any CPU
	EndGlobalSection
	GlobalSection(SolutionProperties) = preSolution
		HideSolutionNode = FALSE
	EndGlobalSection
	GlobalSection(ProjectConfigurationPlatforms) = postSolution
		{30FEEAB4-FBA7-45FA-9EA7-F6A721151A3A}.Debug|Any CPU.ActiveCfg = Debug|Any CPU
		{30FEEAB4-FBA7-45FA-9EA7-F6A721151A3A}.Debug|Any CPU.Build.0 = Debug|Any CPU
		{30FEEAB4-FBA7-45FA-9EA7-F6A721151A3A}.Release|Any CPU.ActiveCfg = Release|Any CPU
		{30FEEAB4-FBA7-45FA-9EA7-F6A721151A3A}.Release|Any CPU.Build.0 = Release|Any CPU
		{CA5C3CA2-BF22-4A31-B67B-1B27383516E3}.Debug|Any CPU.ActiveCfg = Debug|Any CPU
		{CA5C3CA2-BF22-4A31-B67B-1B27383516E3}.Debug|Any CPU.Build.0 = Debug|Any CPU
		{CA5C3CA2-BF22-4A31-B67B-1B27383516E3}.Release|Any CPU.ActiveCfg = Release|Any CPU
		{CA5C3CA2-BF22-4A31-B67B-1B27383516E3}.Release|Any CPU.Build.0 = Release|Any CPU
		{4D639261-D212-4C19-B06C-9E21F0742CD1}.Debug|Any CPU.ActiveCfg = Debug|Any CPU
		{4D639261-D212-4C19-B06C-9E21F0742CD1}.Debug|Any CPU.Build.0 = Debug|Any CPU
		{4D639261-D212-4C19-B06C-9E21F0742CD1}.Release|Any CPU.ActiveCfg = Release|Any CPU
		{4D639261-D212-4C19-B06C-9E21F0742CD1}.Release|Any CPU.Build.0 = Release|Any CPU
		{E0059F94-12A5-4771-BAA8-C543D15351C7}.Debug|Any CPU.ActiveCfg = Debug|Any CPU
		{E0059F94-12A5-4771-BAA8-C543D15351C7}.Debug|Any CPU.Build.0 = Debug|Any CPU
		{E0059F94-12A5-4771-BAA8-C543D15351C7}.Release|Any CPU.ActiveCfg = Release|Any CPU
		{E0059F94-12A5-4771-BAA8-C543D15351C7}.Release|Any CPU.Build.0 = Release|Any CPU
	EndGlobalSection
EndGlobal
